// !$*UTF8*$!
{
	archiveVersion = 1;
	classes = {
	};
	objectVersion = 46;
	objects = {

/* Begin PBXBuildFile section */
		D78F86FF1D40991A0035030B /* AppDelegate.swift in Sources */ = {isa = PBXBuildFile; fileRef = D78F86FE1D40991A0035030B /* AppDelegate.swift */; };
		D78F87011D40991A0035030B /* ViewController.swift in Sources */ = {isa = PBXBuildFile; fileRef = D78F87001D40991A0035030B /* ViewController.swift */; };
		D78F87041D40991A0035030B /* Main.storyboard in Resources */ = {isa = PBXBuildFile; fileRef = D78F87021D40991A0035030B /* Main.storyboard */; };
		D78F87061D40991A0035030B /* Assets.xcassets in Resources */ = {isa = PBXBuildFile; fileRef = D78F87051D40991A0035030B /* Assets.xcassets */; };
		D78F87091D40991A0035030B /* LaunchScreen.storyboard in Resources */ = {isa = PBXBuildFile; fileRef = D78F87071D40991A0035030B /* LaunchScreen.storyboard */; };
		D78F87141D40991B0035030B /* sampleTextViewTests.swift in Sources */ = {isa = PBXBuildFile; fileRef = D78F87131D40991B0035030B /* sampleTextViewTests.swift */; };
		D78F871F1D40991B0035030B /* sampleTextViewUITests.swift in Sources */ = {isa = PBXBuildFile; fileRef = D78F871E1D40991B0035030B /* sampleTextViewUITests.swift */; };
/* End PBXBuildFile section */

/* Begin PBXContainerItemProxy section */
		D78F87101D40991B0035030B /* PBXContainerItemProxy */ = {
			isa = PBXContainerItemProxy;
			containerPortal = D78F86F31D40991A0035030B /* Project object */;
			proxyType = 1;
			remoteGlobalIDString = D78F86FA1D40991A0035030B;
			remoteInfo = sampleTextView;
		};
		D78F871B1D40991B0035030B /* PBXContainerItemProxy */ = {
			isa = PBXContainerItemProxy;
			containerPortal = D78F86F31D40991A0035030B /* Project object */;
			proxyType = 1;
			remoteGlobalIDString = D78F86FA1D40991A0035030B;
			remoteInfo = sampleTextView;
		};
/* End PBXContainerItemProxy section */

/* Begin PBXFileReference section */
		D78F86FB1D40991A0035030B /* sampleTextView.app */ = {isa = PBXFileReference; explicitFileType = wrapper.application; includeInIndex = 0; path = sampleTextView.app; sourceTree = BUILT_PRODUCTS_DIR; };
		D78F86FE1D40991A0035030B /* AppDelegate.swift */ = {isa = PBXFileReference; lastKnownFileType = sourcecode.swift; path = AppDelegate.swift; sourceTree = "<group>"; };
		D78F87001D40991A0035030B /* ViewController.swift */ = {isa = PBXFileReference; lastKnownFileType = sourcecode.swift; path = ViewController.swift; sourceTree = "<group>"; };
		D78F87031D40991A0035030B /* Base */ = {isa = PBXFileReference; lastKnownFileType = file.storyboard; name = Base; path = Base.lproj/Main.storyboard; sourceTree = "<group>"; };
		D78F87051D40991A0035030B /* Assets.xcassets */ = {isa = PBXFileReference; lastKnownFileType = folder.assetcatalog; path = Assets.xcassets; sourceTree = "<group>"; };
		D78F87081D40991A0035030B /* Base */ = {isa = PBXFileReference; lastKnownFileType = file.storyboard; name = Base; path = Base.lproj/LaunchScreen.storyboard; sourceTree = "<group>"; };
		D78F870A1D40991A0035030B /* Info.plist */ = {isa = PBXFileReference; lastKnownFileType = text.plist.xml; path = Info.plist; sourceTree = "<group>"; };
		D78F870F1D40991B0035030B /* sampleTextViewTests.xctest */ = {isa = PBXFileReference; explicitFileType = wrapper.cfbundle; includeInIndex = 0; path = sampleTextViewTests.xctest; sourceTree = BUILT_PRODUCTS_DIR; };
		D78F87131D40991B0035030B /* sampleTextViewTests.swift */ = {isa = PBXFileReference; lastKnownFileType = sourcecode.swift; path = sampleTextViewTests.swift; sourceTree = "<group>"; };
		D78F87151D40991B0035030B /* Info.plist */ = {isa = PBXFileReference; lastKnownFileType = text.plist.xml; path = Info.plist; sourceTree = "<group>"; };
		D78F871A1D40991B0035030B /* sampleTextViewUITests.xctest */ = {isa = PBXFileReference; explicitFileType = wrapper.cfbundle; includeInIndex = 0; path = sampleTextViewUITests.xctest; sourceTree = BUILT_PRODUCTS_DIR; };
		D78F871E1D40991B0035030B /* sampleTextViewUITests.swift */ = {isa = PBXFileReference; lastKnownFileType = sourcecode.swift; path = sampleTextViewUITests.swift; sourceTree = "<group>"; };
		D78F87201D40991B0035030B /* Info.plist */ = {isa = PBXFileReference; lastKnownFileType = text.plist.xml; path = Info.plist; sourceTree = "<group>"; };
/* End PBXFileReference section */

/* Begin PBXFrameworksBuildPhase section */
		D78F86F81D40991A0035030B /* Frameworks */ = {
			isa = PBXFrameworksBuildPhase;
			buildActionMask = 2147483647;
			files = (
			);
			runOnlyForDeploymentPostprocessing = 0;
		};
		D78F870C1D40991B0035030B /* Frameworks */ = {
			isa = PBXFrameworksBuildPhase;
			buildActionMask = 2147483647;
			files = (
			);
			runOnlyForDeploymentPostprocessing = 0;
		};
		D78F87171D40991B0035030B /* Frameworks */ = {
			isa = PBXFrameworksBuildPhase;
			buildActionMask = 2147483647;
			files = (
			);
			runOnlyForDeploymentPostprocessing = 0;
		};
/* End PBXFrameworksBuildPhase section */

/* Begin PBXGroup section */
		D78F86F21D40991A0035030B = {
			isa = PBXGroup;
			children = (
				D78F86FD1D40991A0035030B /* sampleTextView */,
				D78F87121D40991B0035030B /* sampleTextViewTests */,
				D78F871D1D40991B0035030B /* sampleTextViewUITests */,
				D78F86FC1D40991A0035030B /* Products */,
			);
			sourceTree = "<group>";
		};
		D78F86FC1D40991A0035030B /* Products */ = {
			isa = PBXGroup;
			children = (
				D78F86FB1D40991A0035030B /* sampleTextView.app */,
				D78F870F1D40991B0035030B /* sampleTextViewTests.xctest */,
				D78F871A1D40991B0035030B /* sampleTextViewUITests.xctest */,
			);
			name = Products;
			sourceTree = "<group>";
		};
		D78F86FD1D40991A0035030B /* sampleTextView */ = {
			isa = PBXGroup;
			children = (
				D78F86FE1D40991A0035030B /* AppDelegate.swift */,
				D78F87001D40991A0035030B /* ViewController.swift */,
				D78F87021D40991A0035030B /* Main.storyboard */,
				D78F87051D40991A0035030B /* Assets.xcassets */,
				D78F87071D40991A0035030B /* LaunchScreen.storyboard */,
				D78F870A1D40991A0035030B /* Info.plist */,
			);
			path = sampleTextView;
			sourceTree = "<group>";
		};
		D78F87121D40991B0035030B /* sampleTextViewTests */ = {
			isa = PBXGroup;
			children = (
				D78F87131D40991B0035030B /* sampleTextViewTests.swift */,
				D78F87151D40991B0035030B /* Info.plist */,
			);
			path = sampleTextViewTests;
			sourceTree = "<group>";
		};
		D78F871D1D40991B0035030B /* sampleTextViewUITests */ = {
			isa = PBXGroup;
			children = (
				D78F871E1D40991B0035030B /* sampleTextViewUITests.swift */,
				D78F87201D40991B0035030B /* Info.plist */,
			);
			path = sampleTextViewUITests;
			sourceTree = "<group>";
		};
/* End PBXGroup section */

/* Begin PBXNativeTarget section */
		D78F86FA1D40991A0035030B /* sampleTextView */ = {
			isa = PBXNativeTarget;
			buildConfigurationList = D78F87231D40991B0035030B /* Build configuration list for PBXNativeTarget "sampleTextView" */;
			buildPhases = (
				D78F86F71D40991A0035030B /* Sources */,
				D78F86F81D40991A0035030B /* Frameworks */,
				D78F86F91D40991A0035030B /* Resources */,
			);
			buildRules = (
			);
			dependencies = (
			);
			name = sampleTextView;
			productName = sampleTextView;
			productReference = D78F86FB1D40991A0035030B /* sampleTextView.app */;
			productType = "com.apple.product-type.application";
		};
		D78F870E1D40991B0035030B /* sampleTextViewTests */ = {
			isa = PBXNativeTarget;
			buildConfigurationList = D78F87261D40991B0035030B /* Build configuration list for PBXNativeTarget "sampleTextViewTests" */;
			buildPhases = (
				D78F870B1D40991B0035030B /* Sources */,
				D78F870C1D40991B0035030B /* Frameworks */,
				D78F870D1D40991B0035030B /* Resources */,
			);
			buildRules = (
			);
			dependencies = (
				D78F87111D40991B0035030B /* PBXTargetDependency */,
			);
			name = sampleTextViewTests;
			productName = sampleTextViewTests;
			productReference = D78F870F1D40991B0035030B /* sampleTextViewTests.xctest */;
			productType = "com.apple.product-type.bundle.unit-test";
		};
		D78F87191D40991B0035030B /* sampleTextViewUITests */ = {
			isa = PBXNativeTarget;
			buildConfigurationList = D78F87291D40991B0035030B /* Build configuration list for PBXNativeTarget "sampleTextViewUITests" */;
			buildPhases = (
				D78F87161D40991B0035030B /* Sources */,
				D78F87171D40991B0035030B /* Frameworks */,
				D78F87181D40991B0035030B /* Resources */,
			);
			buildRules = (
			);
			dependencies = (
				D78F871C1D40991B0035030B /* PBXTargetDependency */,
			);
			name = sampleTextViewUITests;
			productName = sampleTextViewUITests;
			productReference = D78F871A1D40991B0035030B /* sampleTextViewUITests.xctest */;
			productType = "com.apple.product-type.bundle.ui-testing";
		};
/* End PBXNativeTarget section */

/* Begin PBXProject section */
		D78F86F31D40991A0035030B /* Project object */ = {
			isa = PBXProject;
			attributes = {
				LastSwiftUpdateCheck = 0720;
				LastUpgradeCheck = 0720;
				ORGANIZATIONNAME = "竹田美雪";
				TargetAttributes = {
					D78F86FA1D40991A0035030B = {
						CreatedOnToolsVersion = 7.2.1;
					};
					D78F870E1D40991B0035030B = {
						CreatedOnToolsVersion = 7.2.1;
						TestTargetID = D78F86FA1D40991A0035030B;
					};
					D78F87191D40991B0035030B = {
						CreatedOnToolsVersion = 7.2.1;
						TestTargetID = D78F86FA1D40991A0035030B;
					};
				};
			};
			buildConfigurationList = D78F86F61D40991A0035030B /* Build configuration list for PBXProject "sampleTextView" */;
			compatibilityVersion = "Xcode 3.2";
			developmentRegion = English;
			hasScannedForEncodings = 0;
			knownRegions = (
				en,
				Base,
			);
			mainGroup = D78F86F21D40991A0035030B;
			productRefGroup = D78F86FC1D40991A0035030B /* Products */;
			projectDirPath = "";
			projectRoot = "";
			targets = (
				D78F86FA1D40991A0035030B /* sampleTextView */,
				D78F870E1D40991B0035030B /* sampleTextViewTests */,
				D78F87191D40991B0035030B /* sampleTextViewUITests */,
			);
		};
/* End PBXProject section */

/* Begin PBXResourcesBuildPhase section */
		D78F86F91D40991A0035030B /* Resources */ = {
			isa = PBXResourcesBuildPhase;
			buildActionMask = 2147483647;
			files = (
				D78F87091D40991A0035030B /* LaunchScreen.storyboard in Resources */,
				D78F87061D40991A0035030B /* Assets.xcassets in Resources */,
				D78F87041D40991A0035030B /* Main.storyboard in Resources */,
			);
			runOnlyForDeploymentPostprocessing = 0;
		};
		D78F870D1D40991B0035030B /* Resources */ = {
			isa = PBXResourcesBuildPhase;
			buildActionMask = 2147483647;
			files = (
			);
			runOnlyForDeploymentPostprocessing = 0;
		};
		D78F87181D40991B0035030B /* Resources */ = {
			isa = PBXResourcesBuildPhase;
			buildActionMask = 2147483647;
			files = (
			);
			runOnlyForDeploymentPostprocessing = 0;
		};
/* End PBXResourcesBuildPhase section */

/* Begin PBXSourcesBuildPhase section */
		D78F86F71D40991A0035030B /* Sources */ = {
			isa = PBXSourcesBuildPhase;
			buildActionMask = 2147483647;
			files = (
				D78F87011D40991A0035030B /* ViewController.swift in Sources */,
				D78F86FF1D40991A0035030B /* AppDelegate.swift in Sources */,
			);
			runOnlyForDeploymentPostprocessing = 0;
		};
		D78F870B1D40991B0035030B /* Sources */ = {
			isa = PBXSourcesBuildPhase;
			buildActionMask = 2147483647;
			files = (
				D78F87141D40991B0035030B /* sampleTextViewTests.swift in Sources */,
			);
			runOnlyForDeploymentPostprocessing = 0;
		};
		D78F87161D40991B0035030B /* Sources */ = {
			isa = PBXSourcesBuildPhase;
			buildActionMask = 2147483647;
			files = (
				D78F871F1D40991B0035030B /* sampleTextViewUITests.swift in Sources */,
			);
			runOnlyForDeploymentPostprocessing = 0;
		};
/* End PBXSourcesBuildPhase section */

/* Begin PBXTargetDependency section */
		D78F87111D40991B0035030B /* PBXTargetDependency */ = {
			isa = PBXTargetDependency;
			target = D78F86FA1D40991A0035030B /* sampleTextView */;
			targetProxy = D78F87101D40991B0035030B /* PBXContainerItemProxy */;
		};
		D78F871C1D40991B0035030B /* PBXTargetDependency */ = {
			isa = PBXTargetDependency;
			target = D78F86FA1D40991A0035030B /* sampleTextView */;
			targetProxy = D78F871B1D40991B0035030B /* PBXContainerItemProxy */;
		};
/* End PBXTargetDependency section */

/* Begin PBXVariantGroup section */
		D78F87021D40991A0035030B /* Main.storyboard */ = {
			isa = PBXVariantGroup;
			children = (
				D78F87031D40991A0035030B /* Base */,
			);
			name = Main.storyboard;
			sourceTree = "<group>";
		};
		D78F87071D40991A0035030B /* LaunchScreen.storyboard */ = {
			isa = PBXVariantGroup;
			children = (
				D78F87081D40991A0035030B /* Base */,
			);
			name = LaunchScreen.storyboard;
			sourceTree = "<group>";
		};
/* End PBXVariantGroup section */

/* Begin XCBuildConfiguration section */
		D78F87211D40991B0035030B /* Debug */ = {
			isa = XCBuildConfiguration;
			buildSettings = {
				ALWAYS_SEARCH_USER_PATHS = NO;
				CLANG_CXX_LANGUAGE_STANDARD = "gnu++0x";
				CLANG_CXX_LIBRARY = "libc++";
				CLANG_ENABLE_MODULES = YES;
				CLANG_ENABLE_OBJC_ARC = YES;
				CLANG_WARN_BOOL_CONVERSION = YES;
				CLANG_WARN_CONSTANT_CONVERSION = YES;
				CLANG_WARN_DIRECT_OBJC_ISA_USAGE = YES_ERROR;
				CLANG_WARN_EMPTY_BODY = YES;
				CLANG_WARN_ENUM_CONVERSION = YES;
				CLANG_WARN_INT_CONVERSION = YES;
				CLANG_WARN_OBJC_ROOT_CLASS = YES_ERROR;
				CLANG_WARN_UNREACHABLE_CODE = YES;
				CLANG_WARN__DUPLICATE_METHOD_MATCH = YES;
				"CODE_SIGN_IDENTITY[sdk=iphoneos*]" = "iPhone Developer";
				COPY_PHASE_STRIP = NO;
				DEBUG_INFORMATION_FORMAT = dwarf;
				ENABLE_STRICT_OBJC_MSGSEND = YES;
				ENABLE_TESTABILITY = YES;
				GCC_C_LANGUAGE_STANDARD = gnu99;
				GCC_DYNAMIC_NO_PIC = NO;
				GCC_NO_COMMON_BLOCKS = YES;
				GCC_OPTIMIZATION_LEVEL = 0;
				GCC_PREPROCESSOR_DEFINITIONS = (
					"DEBUG=1",
					"$(inherited)",
				);
				GCC_WARN_64_TO_32_BIT_CONVERSION = YES;
				GCC_WARN_ABOUT_RETURN_TYPE = YES_ERROR;
				GCC_WARN_UNDECLARED_SELECTOR = YES;
				GCC_WARN_UNINITIALIZED_AUTOS = YES_AGGRESSIVE;
				GCC_WARN_UNUSED_FUNCTION = YES;
				GCC_WARN_UNUSED_VARIABLE = YES;
				IPHONEOS_DEPLOYMENT_TARGET = 9.2;
				MTL_ENABLE_DEBUG_INFO = YES;
				ONLY_ACTIVE_ARCH = YES;
				SDKROOT = iphoneos;
				SWIFT_OPTIMIZATION_LEVEL = "-Onone";
				TARGETED_DEVICE_FAMILY = "1,2";
			};
			name = Debug;
		};
		D78F87221D40991B0035030B /* Release */ = {
			isa = XCBuildConfiguration;
			buildSettings = {
				ALWAYS_SEARCH_USER_PATHS = NO;
				CLANG_CXX_LANGUAGE_STANDARD = "gnu++0x";
				CLANG_CXX_LIBRARY = "libc++";
				CLANG_ENABLE_MODULES = YES;
				CLANG_ENABLE_OBJC_ARC = YES;
				CLANG_WARN_BOOL_CONVERSION = YES;
				CLANG_WARN_CONSTANT_CONVERSION = YES;
				CLANG_WARN_DIRECT_OBJC_ISA_USAGE = YES_ERROR;
				CLANG_WARN_EMPTY_BODY = YES;
				CLANG_WARN_ENUM_CONVERSION = YES;
				CLANG_WARN_INT_CONVERSION = YES;
				CLANG_WARN_OBJC_ROOT_CLASS = YES_ERROR;
				CLANG_WARN_UNREACHABLE_CODE = YES;
				CLANG_WARN__DUPLICATE_METHOD_MATCH = YES;
				"CODE_SIGN_IDENTITY[sdk=iphoneos*]" = "iPhone Developer";
				COPY_PHASE_STRIP = NO;
				DEBUG_INFORMATION_FORMAT = "dwarf-with-dsym";
				ENABLE_NS_ASSERTIONS = NO;
				ENABLE_STRICT_OBJC_MSGSEND = YES;
				GCC_C_LANGUAGE_STANDARD = gnu99;
				GCC_NO_COMMON_BLOCKS = YES;
				GCC_WARN_64_TO_32_BIT_CONVERSION = YES;
				GCC_WARN_ABOUT_RETURN_TYPE = YES_ERROR;
				GCC_WARN_UNDECLARED_SELECTOR = YES;
				GCC_WARN_UNINITIALIZED_AUTOS = YES_AGGRESSIVE;
				GCC_WARN_UNUSED_FUNCTION = YES;
				GCC_WARN_UNUSED_VARIABLE = YES;
				IPHONEOS_DEPLOYMENT_TARGET = 9.2;
				MTL_ENABLE_DEBUG_INFO = NO;
				SDKROOT = iphoneos;
				TARGETED_DEVICE_FAMILY = "1,2";
				VALIDATE_PRODUCT = YES;
			};
			name = Release;
		};
		D78F87241D40991B0035030B /* Debug */ = {
			isa = XCBuildConfiguration;
			buildSettings = {
				ASSETCATALOG_COMPILER_APPICON_NAME = AppIcon;
				INFOPLIST_FILE = sampleTextView/Info.plist;
				LD_RUNPATH_SEARCH_PATHS = "$(inherited) @executable_path/Frameworks";
				PRODUCT_BUNDLE_IDENTIFIER = com.miyuki.sampleTextView;
				PRODUCT_NAME = "$(TARGET_NAME)";
			};
			name = Debug;
		};
		D78F87251D40991B0035030B /* Release */ = {
			isa = XCBuildConfiguration;
			buildSettings = {
				ASSETCATALOG_COMPILER_APPICON_NAME = AppIcon;
				INFOPLIST_FILE = sampleTextView/Info.plist;
				LD_RUNPATH_SEARCH_PATHS = "$(inherited) @executable_path/Frameworks";
				PRODUCT_BUNDLE_IDENTIFIER = com.miyuki.sampleTextView;
				PRODUCT_NAME = "$(TARGET_NAME)";
			};
			name = Release;
		};
		D78F87271D40991B0035030B /* Debug */ = {
			isa = XCBuildConfiguration;
			buildSettings = {
				BUNDLE_LOADER = "$(TEST_HOST)";
				INFOPLIST_FILE = sampleTextViewTests/Info.plist;
				LD_RUNPATH_SEARCH_PATHS = "$(inherited) @executable_path/Frameworks @loader_path/Frameworks";
				PRODUCT_BUNDLE_IDENTIFIER = com.miyuki.sampleTextViewTests;
				PRODUCT_NAME = "$(TARGET_NAME)";
				TEST_HOST = "$(BUILT_PRODUCTS_DIR)/sampleTextView.app/sampleTextView";
			};
			name = Debug;
		};
		D78F87281D40991B0035030B /* Release */ = {
			isa = XCBuildConfiguration;
			buildSettings = {
				BUNDLE_LOADER = "$(TEST_HOST)";
				INFOPLIST_FILE = sampleTextViewTests/Info.plist;
				LD_RUNPATH_SEARCH_PATHS = "$(inherited) @executable_path/Frameworks @loader_path/Frameworks";
				PRODUCT_BUNDLE_IDENTIFIER = com.miyuki.sampleTextViewTests;
				PRODUCT_NAME = "$(TARGET_NAME)";
				TEST_HOST = "$(BUILT_PRODUCTS_DIR)/sampleTextView.app/sampleTextView";
			};
			name = Release;
		};
		D78F872A1D40991B0035030B /* Debug */ = {
			isa = XCBuildConfiguration;
			buildSettings = {
				INFOPLIST_FILE = sampleTextViewUITests/Info.plist;
				LD_RUNPATH_SEARCH_PATHS = "$(inherited) @executable_path/Frameworks @loader_path/Frameworks";
				PRODUCT_BUNDLE_IDENTIFIER = com.miyuki.sampleTextViewUITests;
				PRODUCT_NAME = "$(TARGET_NAME)";
				TEST_TARGET_NAME = sampleTextView;
				USES_XCTRUNNER = YES;
			};
			name = Debug;
		};
		D78F872B1D40991B0035030B /* Release */ = {
			isa = XCBuildConfiguration;
			buildSettings = {
				INFOPLIST_FILE = sampleTextViewUITests/Info.plist;
				LD_RUNPATH_SEARCH_PATHS = "$(inherited) @executable_path/Frameworks @loader_path/Frameworks";
				PRODUCT_BUNDLE_IDENTIFIER = com.miyuki.sampleTextViewUITests;
				PRODUCT_NAME = "$(TARGET_NAME)";
				TEST_TARGET_NAME = sampleTextView;
				USES_XCTRUNNER = YES;
			};
			name = Release;
		};
/* End XCBuildConfiguration section */

/* Begin XCConfigurationList section */
		D78F86F61D40991A0035030B /* Build configuration list for PBXProject "sampleTextView" */ = {
			isa = XCConfigurationList;
			buildConfigurations = (
				D78F87211D40991B0035030B /* Debug */,
				D78F87221D40991B0035030B /* Release */,
			);
			defaultConfigurationIsVisible = 0;
			defaultConfigurationName = Release;
		};
		D78F87231D40991B0035030B /* Build configuration list for PBXNativeTarget "sampleTextView" */ = {
			isa = XCConfigurationList;
			buildConfigurations = (
				D78F87241D40991B0035030B /* Debug */,
				D78F87251D40991B0035030B /* Release */,
			);
			defaultConfigurationIsVisible = 0;
		};
		D78F87261D40991B0035030B /* Build configuration list for PBXNativeTarget "sampleTextViewTests" */ = {
			isa = XCConfigurationList;
			buildConfigurations = (
				D78F87271D40991B0035030B /* Debug */,
				D78F87281D40991B0035030B /* Release */,
			);
			defaultConfigurationIsVisible = 0;
		};
		D78F87291D40991B0035030B /* Build configuration list for PBXNativeTarget "sampleTextViewUITests" */ = {
			isa = XCConfigurationList;
			buildConfigurations = (
				D78F872A1D40991B0035030B /* Debug */,
				D78F872B1D40991B0035030B /* Release */,
			);
			defaultConfigurationIsVisible = 0;
		};
/* End XCConfigurationList section */
	};
	rootObject = D78F86F31D40991A0035030B /* Project object */;
}
